
Microsoft Visual Studio Solution File, Format Version 12.00
# Visual Studio 2012
Project("{FAE04EC0-301F-11D3-BF4B-00C04F79EFBC}") = "SocketAgent", "SocketAgent\SocketAgent.csproj", "{12984132-4D63-4ED0-A10F-020CA5E161D3}"
EndProject
Project("{FAE04EC0-301F-11D3-BF4B-00C04F79EFBC}") = "SocketServer", "SocketServer\SocketServer.csproj", "{BD1618D1-45B1-4577-B337-5697BAD2DB2C}"
EndProject
Project("{FAE04EC0-301F-11D3-BF4B-00C04F79EFBC}") = "SocketClient", "SocketClient\SocketClient.csproj", "{D7A00914-F6A4-479D-B073-46A1F7B0A240}"
EndProject
Global
	GlobalSection(SolutionConfigurationPlatforms) = preSolution
		Debug|Any CPU = Debug|Any CPU
		Release|Any CPU = Release|Any CPU
	EndGlobalSection
	GlobalSection(ProjectConfigurationPlatforms) = postSolution
		{12984132-4D63-4ED0-A10F-020CA5E161D3}.Debug|Any CPU.ActiveCfg = Debug|Any CPU
		{12984132-4D63-4ED0-A10F-020CA5E161D3}.Debug|Any CPU.Build.0 = Debug|Any CPU
		{12984132-4D63-4ED0-A10F-020CA5E161D3}.Release|Any CPU.ActiveCfg = Release|Any CPU
		{12984132-4D63-4ED0-A10F-020CA5E161D3}.Release|Any CPU.Build.0 = Release|Any CPU
		{BD1618D1-45B1-4577-B337-5697BAD2DB2C}.Debug|Any CPU.ActiveCfg = Debug|Any CPU
		{BD1618D1-45B1-4577-B337-5697BAD2DB2C}.Debug|Any CPU.Build.0 = Debug|Any CPU
		{BD1618D1-45B1-4577-B337-5697BAD2DB2C}.Release|Any CPU.ActiveCfg = Release|Any CPU
		{BD1618D1-45B1-4577-B337-5697BAD2DB2C}.Release|Any CPU.Build.0 = Release|Any CPU
		{D7A00914-F6A4-479D-B073-46A1F7B0A240}.Debug|Any CPU.ActiveCfg = Debug|Any CPU
		{D7A00914-F6A4-479D-B073-46A1F7B0A240}.Debug|Any CPU.Build.0 = Debug|Any CPU
		{D7A00914-F6A4-479D-B073-46A1F7B0A240}.Release|Any CPU.ActiveCfg = Release|Any CPU
		{D7A00914-F6A4-479D-B073-46A1F7B0A240}.Release|Any CPU.Build.0 = Release|Any CPU
	EndGlobalSection
	GlobalSection(SolutionProperties) = preSolution
		HideSolutionNode = FALSE
	EndGlobalSection
EndGlobal
