
Microsoft Visual Studio Solution File, Format Version 12.00
# Visual Studio 2012
Project("{FAE04EC0-301F-11D3-BF4B-00C04F79EFBC}") = "MinMVC", "MinMVC\MinMVC.csproj", "{4A151A83-E441-4A7D-BF37-367EE2168AF2}"
EndProject
Project("{FAE04EC0-301F-11D3-BF4B-00C04F79EFBC}") = "SimpleTest", "SimpleTest\SimpleTest.csproj", "{71E89C03-D235-483A-9F91-1A6CFDF321BD}"
EndProject
Project("{FAE04EC0-301F-11D3-BF4B-00C04F79EFBC}") = "WebFormWithRoute", "WebFormWithRoute\WebFormWithRoute.csproj", "{4A44AE05-A114-4458-B6EB-75523F71C233}"
EndProject
Project("{FAE04EC0-301F-11D3-BF4B-00C04F79EFBC}") = "MVCSample", "MVCSample\MVCSample.csproj", "{6CA0FD72-4CF8-4E14-BE16-2AF83DC97C0F}"
EndProject
Global
	GlobalSection(SolutionConfigurationPlatforms) = preSolution
		Debug|Any CPU = Debug|Any CPU
		Release|Any CPU = Release|Any CPU
	EndGlobalSection
	GlobalSection(ProjectConfigurationPlatforms) = postSolution
		{4A151A83-E441-4A7D-BF37-367EE2168AF2}.Debug|Any CPU.ActiveCfg = Debug|Any CPU
		{4A151A83-E441-4A7D-BF37-367EE2168AF2}.Debug|Any CPU.Build.0 = Debug|Any CPU
		{4A151A83-E441-4A7D-BF37-367EE2168AF2}.Release|Any CPU.ActiveCfg = Release|Any CPU
		{4A151A83-E441-4A7D-BF37-367EE2168AF2}.Release|Any CPU.Build.0 = Release|Any CPU
		{71E89C03-D235-483A-9F91-1A6CFDF321BD}.Debug|Any CPU.ActiveCfg = Debug|Any CPU
		{71E89C03-D235-483A-9F91-1A6CFDF321BD}.Release|Any CPU.ActiveCfg = Release|Any CPU
		{71E89C03-D235-483A-9F91-1A6CFDF321BD}.Release|Any CPU.Build.0 = Release|Any CPU
		{4A44AE05-A114-4458-B6EB-75523F71C233}.Debug|Any CPU.ActiveCfg = Debug|Any CPU
		{4A44AE05-A114-4458-B6EB-75523F71C233}.Debug|Any CPU.Build.0 = Debug|Any CPU
		{4A44AE05-A114-4458-B6EB-75523F71C233}.Release|Any CPU.ActiveCfg = Release|Any CPU
		{4A44AE05-A114-4458-B6EB-75523F71C233}.Release|Any CPU.Build.0 = Release|Any CPU
		{6CA0FD72-4CF8-4E14-BE16-2AF83DC97C0F}.Debug|Any CPU.ActiveCfg = Debug|Any CPU
		{6CA0FD72-4CF8-4E14-BE16-2AF83DC97C0F}.Debug|Any CPU.Build.0 = Debug|Any CPU
		{6CA0FD72-4CF8-4E14-BE16-2AF83DC97C0F}.Release|Any CPU.ActiveCfg = Release|Any CPU
		{6CA0FD72-4CF8-4E14-BE16-2AF83DC97C0F}.Release|Any CPU.Build.0 = Release|Any CPU
	EndGlobalSection
	GlobalSection(SolutionProperties) = preSolution
		HideSolutionNode = FALSE
	EndGlobalSection
EndGlobal
